
Microsoft Visual Studio Solution File, Format Version 12.00
# Visual Studio Version 17
VisualStudioVersion = 17.14.36414.22
MinimumVisualStudioVersion = 10.0.40219.1
Project("{FAE04EC0-301F-11D3-BF4B-00C04F79EFBC}") = "WPF_Proj1", "WPF_Proj1\WPF_Proj1.csproj", "{873140C0-4F2D-4E3A-A33C-3CCC126375E3}"
EndProject
Project("{FAE04EC0-301F-11D3-BF4B-00C04F79EFBC}") = "WebApplication1", "WebApplication1\WebApplication1.csproj", "{21E0D8E9-435D-477B-9066-4A45C3026C93}"
EndProject
Project("{FAE04EC0-301F-11D3-BF4B-00C04F79EFBC}") = "PixaF0rk_Console", "PixaF0rk_Console\PixaF0rk_Console.csproj", "{29D2855C-0F85-4CEA-A514-E6F24372551C}"
EndProject
Global
	GlobalSection(SolutionConfigurationPlatforms) = preSolution
		Debug|Any CPU = Debug|Any CPU
		Release|Any CPU = Release|Any CPU
	EndGlobalSection
	GlobalSection(ProjectConfigurationPlatforms) = postSolution
		{873140C0-4F2D-4E3A-A33C-3CCC126375E3}.Debug|Any CPU.ActiveCfg = Debug|Any CPU
		{873140C0-4F2D-4E3A-A33C-3CCC126375E3}.Debug|Any CPU.Build.0 = Debug|Any CPU
		{873140C0-4F2D-4E3A-A33C-3CCC126375E3}.Release|Any CPU.ActiveCfg = Release|Any CPU
		{873140C0-4F2D-4E3A-A33C-3CCC126375E3}.Release|Any CPU.Build.0 = Release|Any CPU
		{21E0D8E9-435D-477B-9066-4A45C3026C93}.Debug|Any CPU.ActiveCfg = Debug|Any CPU
		{21E0D8E9-435D-477B-9066-4A45C3026C93}.Debug|Any CPU.Build.0 = Debug|Any CPU
		{21E0D8E9-435D-477B-9066-4A45C3026C93}.Release|Any CPU.ActiveCfg = Release|Any CPU
		{21E0D8E9-435D-477B-9066-4A45C3026C93}.Release|Any CPU.Build.0 = Release|Any CPU
		{29D2855C-0F85-4CEA-A514-E6F24372551C}.Debug|Any CPU.ActiveCfg = Debug|Any CPU
		{29D2855C-0F85-4CEA-A514-E6F24372551C}.Debug|Any CPU.Build.0 = Debug|Any CPU
		{29D2855C-0F85-4CEA-A514-E6F24372551C}.Release|Any CPU.ActiveCfg = Release|Any CPU
		{29D2855C-0F85-4CEA-A514-E6F24372551C}.Release|Any CPU.Build.0 = Release|Any CPU
	EndGlobalSection
	GlobalSection(SolutionProperties) = preSolution
		HideSolutionNode = FALSE
	EndGlobalSection
	GlobalSection(ExtensibilityGlobals) = postSolution
		SolutionGuid = {26CFC74B-D96F-4B4B-A8E7-070B7DD75BF6}
	EndGlobalSection
EndGlobal
